
Microsoft Visual Studio Solution File, Format Version 12.00
Project("{FAE04EC0-301F-11D3-BF4B-00C04F79EFBC}") = "BankBackend.Web", "BankBackend.Web\BankBackend.Web.csproj", "{52DBC466-B52B-4EED-BB83-FDB52017715E}"
EndProject
Project("{FAE04EC0-301F-11D3-BF4B-00C04F79EFBC}") = "BankBackend.ApplicationServices", "BankBackend.ApplicationServices\BankBackend.ApplicationServices.csproj", "{2908D58B-6464-46AE-AB8E-E69C9E3EC45D}"
EndProject
Project("{FAE04EC0-301F-11D3-BF4B-00C04F79EFBC}") = "BankBackend.Infrastructure", "BankBackend.Infrastructure\BankBackend.Infrastructure.csproj", "{7A134C5D-DCE6-4A82-97EF-BABD2F33F07B}"
EndProject
Project("{FAE04EC0-301F-11D3-BF4B-00C04F79EFBC}") = "BankBackend.Core", "BankBackend.Core\BankBackend.Core.csproj", "{D266C054-4478-4416-8DFB-D4AB5F18B33B}"
EndProject
Global
	GlobalSection(SolutionConfigurationPlatforms) = preSolution
		Debug|Any CPU = Debug|Any CPU
		Release|Any CPU = Release|Any CPU
	EndGlobalSection
	GlobalSection(ProjectConfigurationPlatforms) = postSolution
		{52DBC466-B52B-4EED-BB83-FDB52017715E}.Debug|Any CPU.ActiveCfg = Debug|Any CPU
		{52DBC466-B52B-4EED-BB83-FDB52017715E}.Debug|Any CPU.Build.0 = Debug|Any CPU
		{52DBC466-B52B-4EED-BB83-FDB52017715E}.Release|Any CPU.ActiveCfg = Release|Any CPU
		{52DBC466-B52B-4EED-BB83-FDB52017715E}.Release|Any CPU.Build.0 = Release|Any CPU
		{2908D58B-6464-46AE-AB8E-E69C9E3EC45D}.Debug|Any CPU.ActiveCfg = Debug|Any CPU
		{2908D58B-6464-46AE-AB8E-E69C9E3EC45D}.Debug|Any CPU.Build.0 = Debug|Any CPU
		{2908D58B-6464-46AE-AB8E-E69C9E3EC45D}.Release|Any CPU.ActiveCfg = Release|Any CPU
		{2908D58B-6464-46AE-AB8E-E69C9E3EC45D}.Release|Any CPU.Build.0 = Release|Any CPU
		{7A134C5D-DCE6-4A82-97EF-BABD2F33F07B}.Debug|Any CPU.ActiveCfg = Debug|Any CPU
		{7A134C5D-DCE6-4A82-97EF-BABD2F33F07B}.Debug|Any CPU.Build.0 = Debug|Any CPU
		{7A134C5D-DCE6-4A82-97EF-BABD2F33F07B}.Release|Any CPU.ActiveCfg = Release|Any CPU
		{7A134C5D-DCE6-4A82-97EF-BABD2F33F07B}.Release|Any CPU.Build.0 = Release|Any CPU
		{D266C054-4478-4416-8DFB-D4AB5F18B33B}.Debug|Any CPU.ActiveCfg = Debug|Any CPU
		{D266C054-4478-4416-8DFB-D4AB5F18B33B}.Debug|Any CPU.Build.0 = Debug|Any CPU
		{D266C054-4478-4416-8DFB-D4AB5F18B33B}.Release|Any CPU.ActiveCfg = Release|Any CPU
		{D266C054-4478-4416-8DFB-D4AB5F18B33B}.Release|Any CPU.Build.0 = Release|Any CPU
	EndGlobalSection
EndGlobal
